// !$*UTF8*$!
{
	archiveVersion = 1;
	classes = {
	};
	objectVersion = 56;
	objects = {

/* Begin PBXBuildFile section */
		9D5E77812A9FA61200286D13 /* AppDelegate.swift in Sources */ = {isa = PBXBuildFile; fileRef = 9D5E77802A9FA61200286D13 /* AppDelegate.swift */; };
		9D5E77832A9FA61200286D13 /* SceneDelegate.swift in Sources */ = {isa = PBXBuildFile; fileRef = 9D5E77822A9FA61200286D13 /* SceneDelegate.swift */; };
		9D5E778A2A9FA61400286D13 /* Assets.xcassets in Resources */ = {isa = PBXBuildFile; fileRef = 9D5E77892A9FA61400286D13 /* Assets.xcassets */; };
		9D5E778D2A9FA61400286D13 /* LaunchScreen.storyboard in Resources */ = {isa = PBXBuildFile; fileRef = 9D5E778B2A9FA61400286D13 /* LaunchScreen.storyboard */; };
		9D5E77962A9FC26400286D13 /* SnapKit in Frameworks */ = {isa = PBXBuildFile; productRef = 9D5E77952A9FC26400286D13 /* SnapKit */; };
		9D5E77992A9FC2A400286D13 /* Kingfisher in Frameworks */ = {isa = PBXBuildFile; productRef = 9D5E77982A9FC2A400286D13 /* Kingfisher */; };
		9D5E779C2A9FC2C100286D13 /* Moya in Frameworks */ = {isa = PBXBuildFile; productRef = 9D5E779B2A9FC2C100286D13 /* Moya */; };
		9D5E779E2A9FC43F00286D13 /* Router.swift in Sources */ = {isa = PBXBuildFile; fileRef = 9D5E779D2A9FC43F00286D13 /* Router.swift */; };
		9D5E77A32A9FC4EB00286D13 /* PostsViewModel.swift in Sources */ = {isa = PBXBuildFile; fileRef = 9D5E77A22A9FC4EB00286D13 /* PostsViewModel.swift */; };
		9D5E77A52A9FC4FA00286D13 /* PostsUIComposer.swift in Sources */ = {isa = PBXBuildFile; fileRef = 9D5E77A42A9FC4FA00286D13 /* PostsUIComposer.swift */; };
		9D5E77A72A9FC53800286D13 /* PostsViewController.swift in Sources */ = {isa = PBXBuildFile; fileRef = 9D5E77A62A9FC53800286D13 /* PostsViewController.swift */; };
		9D5E77A92A9FD2D800286D13 /* LoadService.swift in Sources */ = {isa = PBXBuildFile; fileRef = 9D5E77A82A9FD2D800286D13 /* LoadService.swift */; };
		9D5E77AC2A9FDCB900286D13 /* NetworkPostsService.swift in Sources */ = {isa = PBXBuildFile; fileRef = 9D5E77AB2A9FDCB900286D13 /* NetworkPostsService.swift */; };
		9D5E77AE2A9FDCD000286D13 /* PostsService.swift in Sources */ = {isa = PBXBuildFile; fileRef = 9D5E77AD2A9FDCD000286D13 /* PostsService.swift */; };
		9D5E77B02A9FDCEB00286D13 /* PostsModel.swift in Sources */ = {isa = PBXBuildFile; fileRef = 9D5E77AF2A9FDCEB00286D13 /* PostsModel.swift */; };
		9D5E77B22A9FE08800286D13 /* NetworkPostsResponse.swift in Sources */ = {isa = PBXBuildFile; fileRef = 9D5E77B12A9FE08800286D13 /* NetworkPostsResponse.swift */; };
		9DD119A82AA1E76500E224EB /* PostsTableViewCell.swift in Sources */ = {isa = PBXBuildFile; fileRef = 9DD119A72AA1E76500E224EB /* PostsTableViewCell.swift */; };
		9DD119AC2AA1E7D100E224EB /* UITableViewCell+Extension.swift in Sources */ = {isa = PBXBuildFile; fileRef = 9DD119AB2AA1E7D100E224EB /* UITableViewCell+Extension.swift */; };
		9DD119AE2AA1E7F200E224EB /* UIImage+Extension.swift in Sources */ = {isa = PBXBuildFile; fileRef = 9DD119AD2AA1E7F200E224EB /* UIImage+Extension.swift */; };
		9DD119B02AA1E80A00E224EB /* UIColor+Extension.swift in Sources */ = {isa = PBXBuildFile; fileRef = 9DD119AF2AA1E80A00E224EB /* UIColor+Extension.swift */; };
		9DD119B22AA1EB2700E224EB /* Colors.swift in Sources */ = {isa = PBXBuildFile; fileRef = 9DD119B12AA1EB2700E224EB /* Colors.swift */; };
		9DD119B42AA1EBDA00E224EB /* Images.swift in Sources */ = {isa = PBXBuildFile; fileRef = 9DD119B32AA1EBDA00E224EB /* Images.swift */; };
		9DD119B62AA21D4800E224EB /* DateFormatter+Extension.swift in Sources */ = {isa = PBXBuildFile; fileRef = 9DD119B52AA21D4800E224EB /* DateFormatter+Extension.swift */; };
		9DD119B82AA21DBC00E224EB /* UILabel+Extension.swift in Sources */ = {isa = PBXBuildFile; fileRef = 9DD119B72AA21DBC00E224EB /* UILabel+Extension.swift */; };
		9DD119BC2AA28D7000E224EB /* String+Extension.swift in Sources */ = {isa = PBXBuildFile; fileRef = 9DD119BB2AA28D7000E224EB /* String+Extension.swift */; };
		9DD119C12AA3CF2A00E224EB /* FilterView.swift in Sources */ = {isa = PBXBuildFile; fileRef = 9DD119C02AA3CF2A00E224EB /* FilterView.swift */; };
		9DD119C52AA522F800E224EB /* SelectedPostViewController.swift in Sources */ = {isa = PBXBuildFile; fileRef = 9DD119C42AA522F800E224EB /* SelectedPostViewController.swift */; };
		9DD119C72AA5230300E224EB /* SelectedPostViewModel.swift in Sources */ = {isa = PBXBuildFile; fileRef = 9DD119C62AA5230300E224EB /* SelectedPostViewModel.swift */; };
		9DD119C92AA5231100E224EB /* SelectedPostUIComposer.swift in Sources */ = {isa = PBXBuildFile; fileRef = 9DD119C82AA5231100E224EB /* SelectedPostUIComposer.swift */; };
		9DD119CB2AA5258F00E224EB /* SelectedPostModel.swift in Sources */ = {isa = PBXBuildFile; fileRef = 9DD119CA2AA5258F00E224EB /* SelectedPostModel.swift */; };
		9DD119D22AA52CFA00E224EB /* SelectedPostService.swift in Sources */ = {isa = PBXBuildFile; fileRef = 9DD119D12AA52CFA00E224EB /* SelectedPostService.swift */; };
		9DD119D42AA52D8E00E224EB /* NetworkSelectedPostResponse.swift in Sources */ = {isa = PBXBuildFile; fileRef = 9DD119D32AA52D8E00E224EB /* NetworkSelectedPostResponse.swift */; };
		9DD119D62AA5323900E224EB /* NetworkSelectedPostService.swift in Sources */ = {isa = PBXBuildFile; fileRef = 9DD119D52AA5323900E224EB /* NetworkSelectedPostService.swift */; };
/* End PBXBuildFile section */

/* Begin PBXFileReference section */
		9D5E777D2A9FA61200286D13 /* Posts_TestAssignment.app */ = {isa = PBXFileReference; explicitFileType = wrapper.application; includeInIndex = 0; path = Posts_TestAssignment.app; sourceTree = BUILT_PRODUCTS_DIR; };
		9D5E77802A9FA61200286D13 /* AppDelegate.swift */ = {isa = PBXFileReference; lastKnownFileType = sourcecode.swift; path = AppDelegate.swift; sourceTree = "<group>"; };
		9D5E77822A9FA61200286D13 /* SceneDelegate.swift */ = {isa = PBXFileReference; lastKnownFileType = sourcecode.swift; path = SceneDelegate.swift; sourceTree = "<group>"; };
		9D5E77892A9FA61400286D13 /* Assets.xcassets */ = {isa = PBXFileReference; lastKnownFileType = folder.assetcatalog; path = Assets.xcassets; sourceTree = "<group>"; };
		9D5E778C2A9FA61400286D13 /* Base */ = {isa = PBXFileReference; lastKnownFileType = file.storyboard; name = Base; path = Base.lproj/LaunchScreen.storyboard; sourceTree = "<group>"; };
		9D5E778E2A9FA61400286D13 /* Info.plist */ = {isa = PBXFileReference; lastKnownFileType = text.plist.xml; path = Info.plist; sourceTree = "<group>"; };
		9D5E779D2A9FC43F00286D13 /* Router.swift */ = {isa = PBXFileReference; lastKnownFileType = sourcecode.swift; path = Router.swift; sourceTree = "<group>"; };
		9D5E77A22A9FC4EB00286D13 /* PostsViewModel.swift */ = {isa = PBXFileReference; lastKnownFileType = sourcecode.swift; path = PostsViewModel.swift; sourceTree = "<group>"; };
		9D5E77A42A9FC4FA00286D13 /* PostsUIComposer.swift */ = {isa = PBXFileReference; lastKnownFileType = sourcecode.swift; path = PostsUIComposer.swift; sourceTree = "<group>"; };
		9D5E77A62A9FC53800286D13 /* PostsViewController.swift */ = {isa = PBXFileReference; lastKnownFileType = sourcecode.swift; path = PostsViewController.swift; sourceTree = "<group>"; };
		9D5E77A82A9FD2D800286D13 /* LoadService.swift */ = {isa = PBXFileReference; lastKnownFileType = sourcecode.swift; path = LoadService.swift; sourceTree = "<group>"; };
		9D5E77AB2A9FDCB900286D13 /* NetworkPostsService.swift */ = {isa = PBXFileReference; lastKnownFileType = sourcecode.swift; path = NetworkPostsService.swift; sourceTree = "<group>"; };
		9D5E77AD2A9FDCD000286D13 /* PostsService.swift */ = {isa = PBXFileReference; lastKnownFileType = sourcecode.swift; path = PostsService.swift; sourceTree = "<group>"; };
		9D5E77AF2A9FDCEB00286D13 /* PostsModel.swift */ = {isa = PBXFileReference; lastKnownFileType = sourcecode.swift; path = PostsModel.swift; sourceTree = "<group>"; };
		9D5E77B12A9FE08800286D13 /* NetworkPostsResponse.swift */ = {isa = PBXFileReference; lastKnownFileType = sourcecode.swift; path = NetworkPostsResponse.swift; sourceTree = "<group>"; };
		9DD119A72AA1E76500E224EB /* PostsTableViewCell.swift */ = {isa = PBXFileReference; lastKnownFileType = sourcecode.swift; path = PostsTableViewCell.swift; sourceTree = "<group>"; };
		9DD119AB2AA1E7D100E224EB /* UITableViewCell+Extension.swift */ = {isa = PBXFileReference; lastKnownFileType = sourcecode.swift; path = "UITableViewCell+Extension.swift"; sourceTree = "<group>"; };
		9DD119AD2AA1E7F200E224EB /* UIImage+Extension.swift */ = {isa = PBXFileReference; lastKnownFileType = sourcecode.swift; path = "UIImage+Extension.swift"; sourceTree = "<group>"; };
		9DD119AF2AA1E80A00E224EB /* UIColor+Extension.swift */ = {isa = PBXFileReference; lastKnownFileType = sourcecode.swift; path = "UIColor+Extension.swift"; sourceTree = "<group>"; };
		9DD119B12AA1EB2700E224EB /* Colors.swift */ = {isa = PBXFileReference; lastKnownFileType = sourcecode.swift; path = Colors.swift; sourceTree = "<group>"; };
		9DD119B32AA1EBDA00E224EB /* Images.swift */ = {isa = PBXFileReference; lastKnownFileType = sourcecode.swift; path = Images.swift; sourceTree = "<group>"; };
		9DD119B52AA21D4800E224EB /* DateFormatter+Extension.swift */ = {isa = PBXFileReference; lastKnownFileType = sourcecode.swift; path = "DateFormatter+Extension.swift"; sourceTree = "<group>"; };
		9DD119B72AA21DBC00E224EB /* UILabel+Extension.swift */ = {isa = PBXFileReference; lastKnownFileType = sourcecode.swift; path = "UILabel+Extension.swift"; sourceTree = "<group>"; };
		9DD119BB2AA28D7000E224EB /* String+Extension.swift */ = {isa = PBXFileReference; lastKnownFileType = sourcecode.swift; path = "String+Extension.swift"; sourceTree = "<group>"; };
		9DD119C02AA3CF2A00E224EB /* FilterView.swift */ = {isa = PBXFileReference; lastKnownFileType = sourcecode.swift; path = FilterView.swift; sourceTree = "<group>"; };
		9DD119C42AA522F800E224EB /* SelectedPostViewController.swift */ = {isa = PBXFileReference; lastKnownFileType = sourcecode.swift; path = SelectedPostViewController.swift; sourceTree = "<group>"; };
		9DD119C62AA5230300E224EB /* SelectedPostViewModel.swift */ = {isa = PBXFileReference; lastKnownFileType = sourcecode.swift; path = SelectedPostViewModel.swift; sourceTree = "<group>"; };
		9DD119C82AA5231100E224EB /* SelectedPostUIComposer.swift */ = {isa = PBXFileReference; lastKnownFileType = sourcecode.swift; path = SelectedPostUIComposer.swift; sourceTree = "<group>"; };
		9DD119CA2AA5258F00E224EB /* SelectedPostModel.swift */ = {isa = PBXFileReference; lastKnownFileType = sourcecode.swift; path = SelectedPostModel.swift; sourceTree = "<group>"; };
		9DD119D12AA52CFA00E224EB /* SelectedPostService.swift */ = {isa = PBXFileReference; lastKnownFileType = sourcecode.swift; path = SelectedPostService.swift; sourceTree = "<group>"; };
		9DD119D32AA52D8E00E224EB /* NetworkSelectedPostResponse.swift */ = {isa = PBXFileReference; lastKnownFileType = sourcecode.swift; path = NetworkSelectedPostResponse.swift; sourceTree = "<group>"; };
		9DD119D52AA5323900E224EB /* NetworkSelectedPostService.swift */ = {isa = PBXFileReference; lastKnownFileType = sourcecode.swift; path = NetworkSelectedPostService.swift; sourceTree = "<group>"; };
/* End PBXFileReference section */

/* Begin PBXFrameworksBuildPhase section */
		9D5E777A2A9FA61200286D13 /* Frameworks */ = {
			isa = PBXFrameworksBuildPhase;
			buildActionMask = 2147483647;
			files = (
				9D5E77992A9FC2A400286D13 /* Kingfisher in Frameworks */,
				9D5E77962A9FC26400286D13 /* SnapKit in Frameworks */,
				9D5E779C2A9FC2C100286D13 /* Moya in Frameworks */,
			);
			runOnlyForDeploymentPostprocessing = 0;
		};
/* End PBXFrameworksBuildPhase section */

/* Begin PBXGroup section */
		9D5E77742A9FA61200286D13 = {
			isa = PBXGroup;
			children = (
				9D5E777F2A9FA61200286D13 /* Posts_TestAssignment */,
				9D5E777E2A9FA61200286D13 /* Products */,
			);
			sourceTree = "<group>";
		};
		9D5E777E2A9FA61200286D13 /* Products */ = {
			isa = PBXGroup;
			children = (
				9D5E777D2A9FA61200286D13 /* Posts_TestAssignment.app */,
			);
			name = Products;
			sourceTree = "<group>";
		};
		9D5E777F2A9FA61200286D13 /* Posts_TestAssignment */ = {
			isa = PBXGroup;
			children = (
				9D5E77802A9FA61200286D13 /* AppDelegate.swift */,
				9D5E77822A9FA61200286D13 /* SceneDelegate.swift */,
				9D5E779D2A9FC43F00286D13 /* Router.swift */,
				9D5E77A02A9FC49D00286D13 /* Services */,
				9D5E779F2A9FC49200286D13 /* Views */,
				9DD119A92AA1E77400E224EB /* Helpers */,
				9D5E77892A9FA61400286D13 /* Assets.xcassets */,
				9D5E778B2A9FA61400286D13 /* LaunchScreen.storyboard */,
				9D5E778E2A9FA61400286D13 /* Info.plist */,
			);
			path = Posts_TestAssignment;
			sourceTree = "<group>";
		};
		9D5E779F2A9FC49200286D13 /* Views */ = {
			isa = PBXGroup;
			children = (
				9DD119C32AA5223700E224EB /* SelectedPost */,
				9D5E77A12A9FC4D400286D13 /* Posts */,
			);
			path = Views;
			sourceTree = "<group>";
		};
		9D5E77A02A9FC49D00286D13 /* Services */ = {
			isa = PBXGroup;
			children = (
				9D5E77A82A9FD2D800286D13 /* LoadService.swift */,
				9D5E77AA2A9FDC9400286D13 /* NetworkPostsService */,
			);
			path = Services;
			sourceTree = "<group>";
		};
		9D5E77A12A9FC4D400286D13 /* Posts */ = {
			isa = PBXGroup;
			children = (
				9D5E77A22A9FC4EB00286D13 /* PostsViewModel.swift */,
				9D5E77A62A9FC53800286D13 /* PostsViewController.swift */,
				9DD119A72AA1E76500E224EB /* PostsTableViewCell.swift */,
				9D5E77A42A9FC4FA00286D13 /* PostsUIComposer.swift */,
			);
			path = Posts;
			sourceTree = "<group>";
		};
		9D5E77AA2A9FDC9400286D13 /* NetworkPostsService */ = {
			isa = PBXGroup;
			children = (
				9DD119CE2AA52C4A00E224EB /* SelectedPost */,
				9DD119CD2AA52C3E00E224EB /* Posts */,
			);
			path = NetworkPostsService;
			sourceTree = "<group>";
		};
		9DD119A92AA1E77400E224EB /* Helpers */ = {
			isa = PBXGroup;
			children = (
				9DD119BF2AA3CF1700E224EB /* CustomViews */,
				9DD119AA2AA1E78000E224EB /* Extensions */,
				9DD119B12AA1EB2700E224EB /* Colors.swift */,
				9DD119B32AA1EBDA00E224EB /* Images.swift */,
			);
			path = Helpers;
			sourceTree = "<group>";
		};
		9DD119AA2AA1E78000E224EB /* Extensions */ = {
			isa = PBXGroup;
			children = (
				9DD119AB2AA1E7D100E224EB /* UITableViewCell+Extension.swift */,
				9DD119AD2AA1E7F200E224EB /* UIImage+Extension.swift */,
				9DD119AF2AA1E80A00E224EB /* UIColor+Extension.swift */,
				9DD119B52AA21D4800E224EB /* DateFormatter+Extension.swift */,
				9DD119B72AA21DBC00E224EB /* UILabel+Extension.swift */,
				9DD119BB2AA28D7000E224EB /* String+Extension.swift */,
			);
			path = Extensions;
			sourceTree = "<group>";
		};
		9DD119BF2AA3CF1700E224EB /* CustomViews */ = {
			isa = PBXGroup;
			children = (
				9DD119C02AA3CF2A00E224EB /* FilterView.swift */,
			);
			path = CustomViews;
			sourceTree = "<group>";
		};
		9DD119C32AA5223700E224EB /* SelectedPost */ = {
			isa = PBXGroup;
			children = (
				9DD119C42AA522F800E224EB /* SelectedPostViewController.swift */,
				9DD119C62AA5230300E224EB /* SelectedPostViewModel.swift */,
				9DD119C82AA5231100E224EB /* SelectedPostUIComposer.swift */,
			);
			path = SelectedPost;
			sourceTree = "<group>";
		};
		9DD119CD2AA52C3E00E224EB /* Posts */ = {
			isa = PBXGroup;
			children = (
				9D5E77AB2A9FDCB900286D13 /* NetworkPostsService.swift */,
				9D5E77B12A9FE08800286D13 /* NetworkPostsResponse.swift */,
				9D5E77AD2A9FDCD000286D13 /* PostsService.swift */,
				9D5E77AF2A9FDCEB00286D13 /* PostsModel.swift */,
			);
			path = Posts;
			sourceTree = "<group>";
		};
		9DD119CE2AA52C4A00E224EB /* SelectedPost */ = {
			isa = PBXGroup;
			children = (
				9DD119CA2AA5258F00E224EB /* SelectedPostModel.swift */,
				9DD119D12AA52CFA00E224EB /* SelectedPostService.swift */,
				9DD119D52AA5323900E224EB /* NetworkSelectedPostService.swift */,
				9DD119D32AA52D8E00E224EB /* NetworkSelectedPostResponse.swift */,
			);
			path = SelectedPost;
			sourceTree = "<group>";
		};
/* End PBXGroup section */

/* Begin PBXNativeTarget section */
		9D5E777C2A9FA61200286D13 /* Posts_TestAssignment */ = {
			isa = PBXNativeTarget;
			buildConfigurationList = 9D5E77912A9FA61400286D13 /* Build configuration list for PBXNativeTarget "Posts_TestAssignment" */;
			buildPhases = (
				9D5E77792A9FA61200286D13 /* Sources */,
				9D5E777A2A9FA61200286D13 /* Frameworks */,
				9D5E777B2A9FA61200286D13 /* Resources */,
			);
			buildRules = (
			);
			dependencies = (
			);
			name = Posts_TestAssignment;
			packageProductDependencies = (
				9D5E77952A9FC26400286D13 /* SnapKit */,
				9D5E77982A9FC2A400286D13 /* Kingfisher */,
				9D5E779B2A9FC2C100286D13 /* Moya */,
			);
			productName = Posts_TestAssignment;
			productReference = 9D5E777D2A9FA61200286D13 /* Posts_TestAssignment.app */;
			productType = "com.apple.product-type.application";
		};
/* End PBXNativeTarget section */

/* Begin PBXProject section */
		9D5E77752A9FA61200286D13 /* Project object */ = {
			isa = PBXProject;
			attributes = {
				BuildIndependentTargetsInParallel = 1;
				LastSwiftUpdateCheck = 1430;
				LastUpgradeCheck = 1430;
				TargetAttributes = {
					9D5E777C2A9FA61200286D13 = {
						CreatedOnToolsVersion = 14.3.1;
					};
				};
			};
			buildConfigurationList = 9D5E77782A9FA61200286D13 /* Build configuration list for PBXProject "Posts_TestAssignment" */;
			compatibilityVersion = "Xcode 14.0";
			developmentRegion = en;
			hasScannedForEncodings = 0;
			knownRegions = (
				en,
				Base,
			);
			mainGroup = 9D5E77742A9FA61200286D13;
			packageReferences = (
				9D5E77942A9FC26400286D13 /* XCRemoteSwiftPackageReference "SnapKit" */,
				9D5E77972A9FC2A400286D13 /* XCRemoteSwiftPackageReference "Kingfisher" */,
				9D5E779A2A9FC2C100286D13 /* XCRemoteSwiftPackageReference "Moya" */,
			);
			productRefGroup = 9D5E777E2A9FA61200286D13 /* Products */;
			projectDirPath = "";
			projectRoot = "";
			targets = (
				9D5E777C2A9FA61200286D13 /* Posts_TestAssignment */,
			);
		};
/* End PBXProject section */

/* Begin PBXResourcesBuildPhase section */
		9D5E777B2A9FA61200286D13 /* Resources */ = {
			isa = PBXResourcesBuildPhase;
			buildActionMask = 2147483647;
			files = (
				9D5E778D2A9FA61400286D13 /* LaunchScreen.storyboard in Resources */,
				9D5E778A2A9FA61400286D13 /* Assets.xcassets in Resources */,
			);
			runOnlyForDeploymentPostprocessing = 0;
		};
/* End PBXResourcesBuildPhase section */

/* Begin PBXSourcesBuildPhase section */
		9D5E77792A9FA61200286D13 /* Sources */ = {
			isa = PBXSourcesBuildPhase;
			buildActionMask = 2147483647;
			files = (
				9D5E77AC2A9FDCB900286D13 /* NetworkPostsService.swift in Sources */,
				9DD119AE2AA1E7F200E224EB /* UIImage+Extension.swift in Sources */,
				9D5E77A72A9FC53800286D13 /* PostsViewController.swift in Sources */,
				9DD119D42AA52D8E00E224EB /* NetworkSelectedPostResponse.swift in Sources */,
				9DD119B42AA1EBDA00E224EB /* Images.swift in Sources */,
				9DD119D22AA52CFA00E224EB /* SelectedPostService.swift in Sources */,
				9DD119D62AA5323900E224EB /* NetworkSelectedPostService.swift in Sources */,
				9D5E77AE2A9FDCD000286D13 /* PostsService.swift in Sources */,
				9DD119AC2AA1E7D100E224EB /* UITableViewCell+Extension.swift in Sources */,
				9DD119A82AA1E76500E224EB /* PostsTableViewCell.swift in Sources */,
				9DD119C12AA3CF2A00E224EB /* FilterView.swift in Sources */,
				9DD119C52AA522F800E224EB /* SelectedPostViewController.swift in Sources */,
				9D5E77B02A9FDCEB00286D13 /* PostsModel.swift in Sources */,
				9DD119BC2AA28D7000E224EB /* String+Extension.swift in Sources */,
				9DD119B82AA21DBC00E224EB /* UILabel+Extension.swift in Sources */,
				9D5E779E2A9FC43F00286D13 /* Router.swift in Sources */,
				9D5E77A32A9FC4EB00286D13 /* PostsViewModel.swift in Sources */,
				9DD119B22AA1EB2700E224EB /* Colors.swift in Sources */,
				9DD119B02AA1E80A00E224EB /* UIColor+Extension.swift in Sources */,
				9D5E77B22A9FE08800286D13 /* NetworkPostsResponse.swift in Sources */,
				9D5E77A52A9FC4FA00286D13 /* PostsUIComposer.swift in Sources */,
				9DD119B62AA21D4800E224EB /* DateFormatter+Extension.swift in Sources */,
				9D5E77812A9FA61200286D13 /* AppDelegate.swift in Sources */,
				9DD119CB2AA5258F00E224EB /* SelectedPostModel.swift in Sources */,
				9DD119C92AA5231100E224EB /* SelectedPostUIComposer.swift in Sources */,
				9D5E77A92A9FD2D800286D13 /* LoadService.swift in Sources */,
				9DD119C72AA5230300E224EB /* SelectedPostViewModel.swift in Sources */,
				9D5E77832A9FA61200286D13 /* SceneDelegate.swift in Sources */,
			);
			runOnlyForDeploymentPostprocessing = 0;
		};
/* End PBXSourcesBuildPhase section */

/* Begin PBXVariantGroup section */
		9D5E778B2A9FA61400286D13 /* LaunchScreen.storyboard */ = {
			isa = PBXVariantGroup;
			children = (
				9D5E778C2A9FA61400286D13 /* Base */,
			);
			name = LaunchScreen.storyboard;
			sourceTree = "<group>";
		};
/* End PBXVariantGroup section */

/* Begin XCBuildConfiguration section */
		9D5E778F2A9FA61400286D13 /* Debug */ = {
			isa = XCBuildConfiguration;
			buildSettings = {
				ALWAYS_SEARCH_USER_PATHS = NO;
				CLANG_ANALYZER_NONNULL = YES;
				CLANG_ANALYZER_NUMBER_OBJECT_CONVERSION = YES_AGGRESSIVE;
				CLANG_CXX_LANGUAGE_STANDARD = "gnu++20";
				CLANG_ENABLE_MODULES = YES;
				CLANG_ENABLE_OBJC_ARC = YES;
				CLANG_ENABLE_OBJC_WEAK = YES;
				CLANG_WARN_BLOCK_CAPTURE_AUTORELEASING = YES;
				CLANG_WARN_BOOL_CONVERSION = YES;
				CLANG_WARN_COMMA = YES;
				CLANG_WARN_CONSTANT_CONVERSION = YES;
				CLANG_WARN_DEPRECATED_OBJC_IMPLEMENTATIONS = YES;
				CLANG_WARN_DIRECT_OBJC_ISA_USAGE = YES_ERROR;
				CLANG_WARN_DOCUMENTATION_COMMENTS = YES;
				CLANG_WARN_EMPTY_BODY = YES;
				CLANG_WARN_ENUM_CONVERSION = YES;
				CLANG_WARN_INFINITE_RECURSION = YES;
				CLANG_WARN_INT_CONVERSION = YES;
				CLANG_WARN_NON_LITERAL_NULL_CONVERSION = YES;
				CLANG_WARN_OBJC_IMPLICIT_RETAIN_SELF = YES;
				CLANG_WARN_OBJC_LITERAL_CONVERSION = YES;
				CLANG_WARN_OBJC_ROOT_CLASS = YES_ERROR;
				CLANG_WARN_QUOTED_INCLUDE_IN_FRAMEWORK_HEADER = YES;
				CLANG_WARN_RANGE_LOOP_ANALYSIS = YES;
				CLANG_WARN_STRICT_PROTOTYPES = YES;
				CLANG_WARN_SUSPICIOUS_MOVE = YES;
				CLANG_WARN_UNGUARDED_AVAILABILITY = YES_AGGRESSIVE;
				CLANG_WARN_UNREACHABLE_CODE = YES;
				CLANG_WARN__DUPLICATE_METHOD_MATCH = YES;
				COPY_PHASE_STRIP = NO;
				DEBUG_INFORMATION_FORMAT = dwarf;
				ENABLE_STRICT_OBJC_MSGSEND = YES;
				ENABLE_TESTABILITY = YES;
				GCC_C_LANGUAGE_STANDARD = gnu11;
				GCC_DYNAMIC_NO_PIC = NO;
				GCC_NO_COMMON_BLOCKS = YES;
				GCC_OPTIMIZATION_LEVEL = 0;
				GCC_PREPROCESSOR_DEFINITIONS = (
					"DEBUG=1",
					"$(inherited)",
				);
				GCC_WARN_64_TO_32_BIT_CONVERSION = YES;
				GCC_WARN_ABOUT_RETURN_TYPE = YES_ERROR;
				GCC_WARN_UNDECLARED_SELECTOR = YES;
				GCC_WARN_UNINITIALIZED_AUTOS = YES_AGGRESSIVE;
				GCC_WARN_UNUSED_FUNCTION = YES;
				GCC_WARN_UNUSED_VARIABLE = YES;
				IPHONEOS_DEPLOYMENT_TARGET = 14.0;
				MTL_ENABLE_DEBUG_INFO = INCLUDE_SOURCE;
				MTL_FAST_MATH = YES;
				ONLY_ACTIVE_ARCH = YES;
				SDKROOT = iphoneos;
				SWIFT_ACTIVE_COMPILATION_CONDITIONS = DEBUG;
				SWIFT_OPTIMIZATION_LEVEL = "-Onone";
			};
			name = Debug;
		};
		9D5E77902A9FA61400286D13 /* Release */ = {
			isa = XCBuildConfiguration;
			buildSettings = {
				ALWAYS_SEARCH_USER_PATHS = NO;
				CLANG_ANALYZER_NONNULL = YES;
				CLANG_ANALYZER_NUMBER_OBJECT_CONVERSION = YES_AGGRESSIVE;
				CLANG_CXX_LANGUAGE_STANDARD = "gnu++20";
				CLANG_ENABLE_MODULES = YES;
				CLANG_ENABLE_OBJC_ARC = YES;
				CLANG_ENABLE_OBJC_WEAK = YES;
				CLANG_WARN_BLOCK_CAPTURE_AUTORELEASING = YES;
				CLANG_WARN_BOOL_CONVERSION = YES;
				CLANG_WARN_COMMA = YES;
				CLANG_WARN_CONSTANT_CONVERSION = YES;
				CLANG_WARN_DEPRECATED_OBJC_IMPLEMENTATIONS = YES;
				CLANG_WARN_DIRECT_OBJC_ISA_USAGE = YES_ERROR;
				CLANG_WARN_DOCUMENTATION_COMMENTS = YES;
				CLANG_WARN_EMPTY_BODY = YES;
				CLANG_WARN_ENUM_CONVERSION = YES;
				CLANG_WARN_INFINITE_RECURSION = YES;
				CLANG_WARN_INT_CONVERSION = YES;
				CLANG_WARN_NON_LITERAL_NULL_CONVERSION = YES;
				CLANG_WARN_OBJC_IMPLICIT_RETAIN_SELF = YES;
				CLANG_WARN_OBJC_LITERAL_CONVERSION = YES;
				CLANG_WARN_OBJC_ROOT_CLASS = YES_ERROR;
				CLANG_WARN_QUOTED_INCLUDE_IN_FRAMEWORK_HEADER = YES;
				CLANG_WARN_RANGE_LOOP_ANALYSIS = YES;
				CLANG_WARN_STRICT_PROTOTYPES = YES;
				CLANG_WARN_SUSPICIOUS_MOVE = YES;
				CLANG_WARN_UNGUARDED_AVAILABILITY = YES_AGGRESSIVE;
				CLANG_WARN_UNREACHABLE_CODE = YES;
				CLANG_WARN__DUPLICATE_METHOD_MATCH = YES;
				COPY_PHASE_STRIP = NO;
				DEBUG_INFORMATION_FORMAT = "dwarf-with-dsym";
				ENABLE_NS_ASSERTIONS = NO;
				ENABLE_STRICT_OBJC_MSGSEND = YES;
				GCC_C_LANGUAGE_STANDARD = gnu11;
				GCC_NO_COMMON_BLOCKS = YES;
				GCC_WARN_64_TO_32_BIT_CONVERSION = YES;
				GCC_WARN_ABOUT_RETURN_TYPE = YES_ERROR;
				GCC_WARN_UNDECLARED_SELECTOR = YES;
				GCC_WARN_UNINITIALIZED_AUTOS = YES_AGGRESSIVE;
				GCC_WARN_UNUSED_FUNCTION = YES;
				GCC_WARN_UNUSED_VARIABLE = YES;
				IPHONEOS_DEPLOYMENT_TARGET = 14.0;
				MTL_ENABLE_DEBUG_INFO = NO;
				MTL_FAST_MATH = YES;
				SDKROOT = iphoneos;
				SWIFT_COMPILATION_MODE = wholemodule;
				SWIFT_OPTIMIZATION_LEVEL = "-O";
				VALIDATE_PRODUCT = YES;
			};
			name = Release;
		};
		9D5E77922A9FA61400286D13 /* Debug */ = {
			isa = XCBuildConfiguration;
			buildSettings = {
				ASSETCATALOG_COMPILER_APPICON_NAME = AppIcon;
				ASSETCATALOG_COMPILER_GLOBAL_ACCENT_COLOR_NAME = AccentColor;
				CODE_SIGN_STYLE = Automatic;
				CURRENT_PROJECT_VERSION = 1;
				DEVELOPMENT_TEAM = PW6M6C34BW;
				GENERATE_INFOPLIST_FILE = YES;
				INFOPLIST_FILE = Posts_TestAssignment/Info.plist;
				INFOPLIST_KEY_UIApplicationSupportsIndirectInputEvents = YES;
				INFOPLIST_KEY_UILaunchStoryboardName = LaunchScreen;
				INFOPLIST_KEY_UIStatusBarStyle = "";
				INFOPLIST_KEY_UISupportedInterfaceOrientations = UIInterfaceOrientationPortrait;
				INFOPLIST_KEY_UISupportedInterfaceOrientations_iPad = "UIInterfaceOrientationLandscapeLeft UIInterfaceOrientationLandscapeRight UIInterfaceOrientationPortrait UIInterfaceOrientationPortraitUpsideDown";
				IPHONEOS_DEPLOYMENT_TARGET = 14.0;
				LD_RUNPATH_SEARCH_PATHS = (
					"$(inherited)",
					"@executable_path/Frameworks",
				);
				MARKETING_VERSION = 1.0;
				PRODUCT_BUNDLE_IDENTIFIER = "sad.Posts-TestAssignment";
				PRODUCT_NAME = "$(TARGET_NAME)";
				SWIFT_EMIT_LOC_STRINGS = YES;
				SWIFT_VERSION = 5.0;
				TARGETED_DEVICE_FAMILY = "1,2";
			};
			name = Debug;
		};
		9D5E77932A9FA61400286D13 /* Release */ = {
			isa = XCBuildConfiguration;
			buildSettings = {
				ASSETCATALOG_COMPILER_APPICON_NAME = AppIcon;
				ASSETCATALOG_COMPILER_GLOBAL_ACCENT_COLOR_NAME = AccentColor;
				CODE_SIGN_STYLE = Automatic;
				CURRENT_PROJECT_VERSION = 1;
				DEVELOPMENT_TEAM = PW6M6C34BW;
				GENERATE_INFOPLIST_FILE = YES;
				INFOPLIST_FILE = Posts_TestAssignment/Info.plist;
				INFOPLIST_KEY_UIApplicationSupportsIndirectInputEvents = YES;
				INFOPLIST_KEY_UILaunchStoryboardName = LaunchScreen;
				INFOPLIST_KEY_UIStatusBarStyle = "";
				INFOPLIST_KEY_UISupportedInterfaceOrientations = UIInterfaceOrientationPortrait;
				INFOPLIST_KEY_UISupportedInterfaceOrientations_iPad = "UIInterfaceOrientationLandscapeLeft UIInterfaceOrientationLandscapeRight UIInterfaceOrientationPortrait UIInterfaceOrientationPortraitUpsideDown";
				IPHONEOS_DEPLOYMENT_TARGET = 14.0;
				LD_RUNPATH_SEARCH_PATHS = (
					"$(inherited)",
					"@executable_path/Frameworks",
				);
				MARKETING_VERSION = 1.0;
				PRODUCT_BUNDLE_IDENTIFIER = "sad.Posts-TestAssignment";
				PRODUCT_NAME = "$(TARGET_NAME)";
				SWIFT_EMIT_LOC_STRINGS = YES;
				SWIFT_VERSION = 5.0;
				TARGETED_DEVICE_FAMILY = "1,2";
			};
			name = Release;
		};
/* End XCBuildConfiguration section */

/* Begin XCConfigurationList section */
		9D5E77782A9FA61200286D13 /* Build configuration list for PBXProject "Posts_TestAssignment" */ = {
			isa = XCConfigurationList;
			buildConfigurations = (
				9D5E778F2A9FA61400286D13 /* Debug */,
				9D5E77902A9FA61400286D13 /* Release */,
			);
			defaultConfigurationIsVisible = 0;
			defaultConfigurationName = Release;
		};
		9D5E77912A9FA61400286D13 /* Build configuration list for PBXNativeTarget "Posts_TestAssignment" */ = {
			isa = XCConfigurationList;
			buildConfigurations = (
				9D5E77922A9FA61400286D13 /* Debug */,
				9D5E77932A9FA61400286D13 /* Release */,
			);
			defaultConfigurationIsVisible = 0;
			defaultConfigurationName = Release;
		};
/* End XCConfigurationList section */

/* Begin XCRemoteSwiftPackageReference section */
		9D5E77942A9FC26400286D13 /* XCRemoteSwiftPackageReference "SnapKit" */ = {
			isa = XCRemoteSwiftPackageReference;
			repositoryURL = "https://github.com/SnapKit/SnapKit";
			requirement = {
				kind = upToNextMajorVersion;
				minimumVersion = 5.0.0;
			};
		};
		9D5E77972A9FC2A400286D13 /* XCRemoteSwiftPackageReference "Kingfisher" */ = {
			isa = XCRemoteSwiftPackageReference;
			repositoryURL = "https://github.com/onevcat/Kingfisher.git";
			requirement = {
				kind = upToNextMajorVersion;
				minimumVersion = 7.0.0;
			};
		};
		9D5E779A2A9FC2C100286D13 /* XCRemoteSwiftPackageReference "Moya" */ = {
			isa = XCRemoteSwiftPackageReference;
			repositoryURL = "https://github.com/Moya/Moya";
			requirement = {
				kind = upToNextMajorVersion;
				minimumVersion = 15.0.0;
			};
		};
/* End XCRemoteSwiftPackageReference section */

/* Begin XCSwiftPackageProductDependency section */
		9D5E77952A9FC26400286D13 /* SnapKit */ = {
			isa = XCSwiftPackageProductDependency;
			package = 9D5E77942A9FC26400286D13 /* XCRemoteSwiftPackageReference "SnapKit" */;
			productName = SnapKit;
		};
		9D5E77982A9FC2A400286D13 /* Kingfisher */ = {
			isa = XCSwiftPackageProductDependency;
			package = 9D5E77972A9FC2A400286D13 /* XCRemoteSwiftPackageReference "Kingfisher" */;
			productName = Kingfisher;
		};
		9D5E779B2A9FC2C100286D13 /* Moya */ = {
			isa = XCSwiftPackageProductDependency;
			package = 9D5E779A2A9FC2C100286D13 /* XCRemoteSwiftPackageReference "Moya" */;
			productName = Moya;
		};
/* End XCSwiftPackageProductDependency section */
	};
	rootObject = 9D5E77752A9FA61200286D13 /* Project object */;
}
